
Microsoft Visual Studio Solution File, Format Version 12.00
# Visual Studio Version 16
VisualStudioVersion = 16.0.29215.179
MinimumVisualStudioVersion = 10.0.40219.1
Project("{FAE04EC0-301F-11D3-BF4B-00C04F79EFBC}") = "BancoDeDados", "BancoDeDados.csproj", "{1049B191-0FA9-4723-8EFA-FC3FB56BC9F9}"
EndProject
Global
	GlobalSection(SolutionConfigurationPlatforms) = preSolution
		Debug|Any CPU = Debug|Any CPU
		Release|Any CPU = Release|Any CPU
	EndGlobalSection
	GlobalSection(ProjectConfigurationPlatforms) = postSolution
		{1049B191-0FA9-4723-8EFA-FC3FB56BC9F9}.Debug|Any CPU.ActiveCfg = Debug|Any CPU
		{1049B191-0FA9-4723-8EFA-FC3FB56BC9F9}.Debug|Any CPU.Build.0 = Debug|Any CPU
		{1049B191-0FA9-4723-8EFA-FC3FB56BC9F9}.Release|Any CPU.ActiveCfg = Release|Any CPU
		{1049B191-0FA9-4723-8EFA-FC3FB56BC9F9}.Release|Any CPU.Build.0 = Release|Any CPU
	EndGlobalSection
	GlobalSection(SolutionProperties) = preSolution
		HideSolutionNode = FALSE
	EndGlobalSection
	GlobalSection(ExtensibilityGlobals) = postSolution
		SolutionGuid = {7EDA826F-DB55-4BB4-919E-443DCFB7CB93}
	EndGlobalSection
EndGlobal
